// !$*UTF8*$!
{
	archiveVersion = 1;
	classes = {
	};
	objectVersion = 46;
	objects = {

/* Begin PBXBuildFile section */
		03FDB582621306505CC650DA /* Pods.framework in Frameworks */ = {isa = PBXBuildFile; fileRef = 3FCE67F0D1DD4DBEAF023C88 /* Pods.framework */; };
		3D42B7EB1C9A58E5006C8444 /* AppDelegate.swift in Sources */ = {isa = PBXBuildFile; fileRef = 3D42B7EA1C9A58E5006C8444 /* AppDelegate.swift */; };
		3D42B7ED1C9A58E5006C8444 /* ViewController.swift in Sources */ = {isa = PBXBuildFile; fileRef = 3D42B7EC1C9A58E5006C8444 /* ViewController.swift */; };
		3D42B7F01C9A58E5006C8444 /* Main.storyboard in Resources */ = {isa = PBXBuildFile; fileRef = 3D42B7EE1C9A58E5006C8444 /* Main.storyboard */; };
		3D42B7F31C9A58E5006C8444 /* _48Piano.xcdatamodeld in Sources */ = {isa = PBXBuildFile; fileRef = 3D42B7F11C9A58E5006C8444 /* _48Piano.xcdatamodeld */; };
		3D42B7F51C9A58E5006C8444 /* Assets.xcassets in Resources */ = {isa = PBXBuildFile; fileRef = 3D42B7F41C9A58E5006C8444 /* Assets.xcassets */; };
		3D42B7F81C9A58E5006C8444 /* LaunchScreen.storyboard in Resources */ = {isa = PBXBuildFile; fileRef = 3D42B7F61C9A58E5006C8444 /* LaunchScreen.storyboard */; };
		3D42B8031C9A58E6006C8444 /* _48PianoTests.swift in Sources */ = {isa = PBXBuildFile; fileRef = 3D42B8021C9A58E6006C8444 /* _48PianoTests.swift */; };
		3D42B80E1C9A58E6006C8444 /* _48PianoUITests.swift in Sources */ = {isa = PBXBuildFile; fileRef = 3D42B80D1C9A58E6006C8444 /* _48PianoUITests.swift */; };
		3D5EF0141CAB306000A03D4F /* HolderView.swift in Sources */ = {isa = PBXBuildFile; fileRef = 3D5EF0131CAB306000A03D4F /* HolderView.swift */; };
		3D5EF0171CAB314400A03D4F /* Colors.swift in Sources */ = {isa = PBXBuildFile; fileRef = 3D5EF0161CAB314400A03D4F /* Colors.swift */; };
		3D5EF01A1CAB316D00A03D4F /* RectangleLayer.swift in Sources */ = {isa = PBXBuildFile; fileRef = 3D5EF0191CAB316D00A03D4F /* RectangleLayer.swift */; };
		3D5EF01C1CAB31C300A03D4F /* LaunchViewController.swift in Sources */ = {isa = PBXBuildFile; fileRef = 3D5EF01B1CAB31C300A03D4F /* LaunchViewController.swift */; };
		3D5EF01E1CAB491900A03D4F /* Dashboard.swift in Sources */ = {isa = PBXBuildFile; fileRef = 3D5EF01D1CAB491900A03D4F /* Dashboard.swift */; };
		3D69333B1CC82BDF007D8969 /* TeacherDashboardViewController.swift in Sources */ = {isa = PBXBuildFile; fileRef = 3D69333A1CC82BDF007D8969 /* TeacherDashboardViewController.swift */; };
		3D9CB6601CCF3FFA00A27DA1 /* Segues.swift in Sources */ = {isa = PBXBuildFile; fileRef = 3D9CB65F1CCF3FFA00A27DA1 /* Segues.swift */; };
		3D9CB6621CD08D8100A27DA1 /* LogInSignUpScreen.swift in Sources */ = {isa = PBXBuildFile; fileRef = 3D9CB6611CD08D8100A27DA1 /* LogInSignUpScreen.swift */; };
		3D9CB6661CD2822000A27DA1 /* Task.swift in Sources */ = {isa = PBXBuildFile; fileRef = 3D9CB6651CD2822000A27DA1 /* Task.swift */; };
		3D9CB6691CD285C500A27DA1 /* TeacherTaskCreationViewController.swift in Sources */ = {isa = PBXBuildFile; fileRef = 3D9CB6681CD285C500A27DA1 /* TeacherTaskCreationViewController.swift */; };
		3DA936111CD3B6F600D0C9B4 /* TaskTableViewCell.swift in Sources */ = {isa = PBXBuildFile; fileRef = 3DA936101CD3B6F600D0C9B4 /* TaskTableViewCell.swift */; };
		3DAD09531CC94509005F83A5 /* TopBar.swift in Sources */ = {isa = PBXBuildFile; fileRef = 3DAD09521CC94509005F83A5 /* TopBar.swift */; };
		3DAD09581CC9A565005F83A5 /* FirebaseConstants.swift in Sources */ = {isa = PBXBuildFile; fileRef = 3DAD09571CC9A565005F83A5 /* FirebaseConstants.swift */; };
		3DAD095E1CC9AB47005F83A5 /* UserConstants.swift in Sources */ = {isa = PBXBuildFile; fileRef = 3DAD095D1CC9AB47005F83A5 /* UserConstants.swift */; };
		3DAD09601CC9BD73005F83A5 /* TeacherViewStudentViewController.swift in Sources */ = {isa = PBXBuildFile; fileRef = 3DAD095F1CC9BD73005F83A5 /* TeacherViewStudentViewController.swift */; };
		3DAD09631CC9DD1C005F83A5 /* Misc_constants.swift in Sources */ = {isa = PBXBuildFile; fileRef = 3DAD09621CC9DD1C005F83A5 /* Misc_constants.swift */; };
		3DAD09671CCA6A62005F83A5 /* TestViewController.swift in Sources */ = {isa = PBXBuildFile; fileRef = 3DAD09661CCA6A62005F83A5 /* TestViewController.swift */; };
		3DAD09691CCA6E48005F83A5 /* SideMenuViewController.swift in Sources */ = {isa = PBXBuildFile; fileRef = 3DAD09681CCA6E48005F83A5 /* SideMenuViewController.swift */; };
		3DAD096B1CCAA7AD005F83A5 /* StudentsViewController.swift in Sources */ = {isa = PBXBuildFile; fileRef = 3DAD096A1CCAA7AD005F83A5 /* StudentsViewController.swift */; };
		3DAD096D1CCB6EB7005F83A5 /* ChatViewController.swift in Sources */ = {isa = PBXBuildFile; fileRef = 3DAD096C1CCB6EB7005F83A5 /* ChatViewController.swift */; };
		3DAD09701CCB6F0B005F83A5 /* MessageCell.swift in Sources */ = {isa = PBXBuildFile; fileRef = 3DAD096F1CCB6F0B005F83A5 /* MessageCell.swift */; };
		3DAD09721CCB6F31005F83A5 /* Message.swift in Sources */ = {isa = PBXBuildFile; fileRef = 3DAD09711CCB6F31005F83A5 /* Message.swift */; };
		3DDC72DB1CD3014900FFE333 /* AutoCompleteTextField in Resources */ = {isa = PBXBuildFile; fileRef = 3DDC72DA1CD3014900FFE333 /* AutoCompleteTextField */; };
		3DDC72DD1CD301DE00FFE333 /* AutoCompleteTextField.swift in Sources */ = {isa = PBXBuildFile; fileRef = 3DDC72DC1CD301DE00FFE333 /* AutoCompleteTextField.swift */; };
		3DDC72DF1CD3A63500FFE333 /* TeacherAllTasksViewController.swift in Sources */ = {isa = PBXBuildFile; fileRef = 3DDC72DE1CD3A63500FFE333 /* TeacherAllTasksViewController.swift */; };
		3DFA37611CCD1D5900BA9EA7 /* ChatThreadViewController.swift in Sources */ = {isa = PBXBuildFile; fileRef = 3DFA37601CCD1D5900BA9EA7 /* ChatThreadViewController.swift */; };
		3DFA37631CCD29CB00BA9EA7 /* ChatThreadTableViewCell.swift in Sources */ = {isa = PBXBuildFile; fileRef = 3DFA37621CCD29CB00BA9EA7 /* ChatThreadTableViewCell.swift */; };
		3DFA37651CCD9A0300BA9EA7 /* Thread.swift in Sources */ = {isa = PBXBuildFile; fileRef = 3DFA37641CCD9A0300BA9EA7 /* Thread.swift */; };
		904BA43041D4F5ADBF5AB2EC /* Pods_448PianoUITests.framework in Frameworks */ = {isa = PBXBuildFile; fileRef = 1B5FF334F806C4BEC6EDF693 /* Pods_448PianoUITests.framework */; };
		9244236591F52E86D19CD4D9 /* Pods_448Piano.framework in Frameworks */ = {isa = PBXBuildFile; fileRef = 93DAE4F0CD6DDC3683D48749 /* Pods_448Piano.framework */; };
		98ADF87838AE26665DADD6F2 /* Pods_448PianoTests.framework in Frameworks */ = {isa = PBXBuildFile; fileRef = C7E7C5DB0450A896615D4460 /* Pods_448PianoTests.framework */; };
/* End PBXBuildFile section */

/* Begin PBXContainerItemProxy section */
		3D42B7FF1C9A58E6006C8444 /* PBXContainerItemProxy */ = {
			isa = PBXContainerItemProxy;
			containerPortal = 3D42B7DF1C9A58E5006C8444 /* Project object */;
			proxyType = 1;
			remoteGlobalIDString = 3D42B7E61C9A58E5006C8444;
			remoteInfo = 448Piano;
		};
		3D42B80A1C9A58E6006C8444 /* PBXContainerItemProxy */ = {
			isa = PBXContainerItemProxy;
			containerPortal = 3D42B7DF1C9A58E5006C8444 /* Project object */;
			proxyType = 1;
			remoteGlobalIDString = 3D42B7E61C9A58E5006C8444;
			remoteInfo = 448Piano;
		};
/* End PBXContainerItemProxy section */

/* Begin PBXFileReference section */
		1B5FF334F806C4BEC6EDF693 /* Pods_448PianoUITests.framework */ = {isa = PBXFileReference; explicitFileType = wrapper.framework; includeInIndex = 0; path = Pods_448PianoUITests.framework; sourceTree = BUILT_PRODUCTS_DIR; };
		1F4925C1EEE13CD343A66D31 /* Pods-448PianoUITests.debug.xcconfig */ = {isa = PBXFileReference; includeInIndex = 1; lastKnownFileType = text.xcconfig; name = "Pods-448PianoUITests.debug.xcconfig"; path = "Pods/Target Support Files/Pods-448PianoUITests/Pods-448PianoUITests.debug.xcconfig"; sourceTree = "<group>"; };
		3D42B7E71C9A58E5006C8444 /* 448Piano.app */ = {isa = PBXFileReference; explicitFileType = wrapper.application; includeInIndex = 0; path = 448Piano.app; sourceTree = BUILT_PRODUCTS_DIR; };
		3D42B7EA1C9A58E5006C8444 /* AppDelegate.swift */ = {isa = PBXFileReference; lastKnownFileType = sourcecode.swift; path = AppDelegate.swift; sourceTree = "<group>"; };
		3D42B7EC1C9A58E5006C8444 /* ViewController.swift */ = {isa = PBXFileReference; lastKnownFileType = sourcecode.swift; path = ViewController.swift; sourceTree = "<group>"; };
		3D42B7EF1C9A58E5006C8444 /* Base */ = {isa = PBXFileReference; lastKnownFileType = file.storyboard; name = Base; path = Base.lproj/Main.storyboard; sourceTree = "<group>"; };
		3D42B7F21C9A58E5006C8444 /* _48Piano.xcdatamodel */ = {isa = PBXFileReference; lastKnownFileType = wrapper.xcdatamodel; path = _48Piano.xcdatamodel; sourceTree = "<group>"; };
		3D42B7F41C9A58E5006C8444 /* Assets.xcassets */ = {isa = PBXFileReference; lastKnownFileType = folder.assetcatalog; path = Assets.xcassets; sourceTree = "<group>"; };
		3D42B7F71C9A58E5006C8444 /* Base */ = {isa = PBXFileReference; lastKnownFileType = file.storyboard; name = Base; path = Base.lproj/LaunchScreen.storyboard; sourceTree = "<group>"; };
		3D42B7F91C9A58E5006C8444 /* Info.plist */ = {isa = PBXFileReference; lastKnownFileType = text.plist.xml; path = Info.plist; sourceTree = "<group>"; };
		3D42B7FE1C9A58E6006C8444 /* 448PianoTests.xctest */ = {isa = PBXFileReference; explicitFileType = wrapper.cfbundle; includeInIndex = 0; path = 448PianoTests.xctest; sourceTree = BUILT_PRODUCTS_DIR; };
		3D42B8021C9A58E6006C8444 /* _48PianoTests.swift */ = {isa = PBXFileReference; lastKnownFileType = sourcecode.swift; path = _48PianoTests.swift; sourceTree = "<group>"; };
		3D42B8041C9A58E6006C8444 /* Info.plist */ = {isa = PBXFileReference; lastKnownFileType = text.plist.xml; path = Info.plist; sourceTree = "<group>"; };
		3D42B8091C9A58E6006C8444 /* 448PianoUITests.xctest */ = {isa = PBXFileReference; explicitFileType = wrapper.cfbundle; includeInIndex = 0; path = 448PianoUITests.xctest; sourceTree = BUILT_PRODUCTS_DIR; };
		3D42B80D1C9A58E6006C8444 /* _48PianoUITests.swift */ = {isa = PBXFileReference; lastKnownFileType = sourcecode.swift; path = _48PianoUITests.swift; sourceTree = "<group>"; };
		3D42B80F1C9A58E6006C8444 /* Info.plist */ = {isa = PBXFileReference; lastKnownFileType = text.plist.xml; path = Info.plist; sourceTree = "<group>"; };
		3D5EF0131CAB306000A03D4F /* HolderView.swift */ = {isa = PBXFileReference; fileEncoding = 4; lastKnownFileType = sourcecode.swift; path = HolderView.swift; sourceTree = "<group>"; };
		3D5EF0161CAB314400A03D4F /* Colors.swift */ = {isa = PBXFileReference; fileEncoding = 4; lastKnownFileType = sourcecode.swift; path = Colors.swift; sourceTree = "<group>"; };
		3D5EF0191CAB316D00A03D4F /* RectangleLayer.swift */ = {isa = PBXFileReference; fileEncoding = 4; lastKnownFileType = sourcecode.swift; path = RectangleLayer.swift; sourceTree = "<group>"; };
		3D5EF01B1CAB31C300A03D4F /* LaunchViewController.swift */ = {isa = PBXFileReference; fileEncoding = 4; lastKnownFileType = sourcecode.swift; path = LaunchViewController.swift; sourceTree = "<group>"; };
		3D5EF01D1CAB491900A03D4F /* Dashboard.swift */ = {isa = PBXFileReference; fileEncoding = 4; lastKnownFileType = sourcecode.swift; path = Dashboard.swift; sourceTree = "<group>"; };
		3D69333A1CC82BDF007D8969 /* TeacherDashboardViewController.swift */ = {isa = PBXFileReference; fileEncoding = 4; lastKnownFileType = sourcecode.swift; path = TeacherDashboardViewController.swift; sourceTree = "<group>"; };
		3D9CB65F1CCF3FFA00A27DA1 /* Segues.swift */ = {isa = PBXFileReference; fileEncoding = 4; lastKnownFileType = sourcecode.swift; path = Segues.swift; sourceTree = "<group>"; };
		3D9CB6611CD08D8100A27DA1 /* LogInSignUpScreen.swift */ = {isa = PBXFileReference; fileEncoding = 4; lastKnownFileType = sourcecode.swift; path = LogInSignUpScreen.swift; sourceTree = "<group>"; };
		3D9CB6651CD2822000A27DA1 /* Task.swift */ = {isa = PBXFileReference; fileEncoding = 4; lastKnownFileType = sourcecode.swift; path = Task.swift; sourceTree = "<group>"; };
		3D9CB6681CD285C500A27DA1 /* TeacherTaskCreationViewController.swift */ = {isa = PBXFileReference; fileEncoding = 4; lastKnownFileType = sourcecode.swift; path = TeacherTaskCreationViewController.swift; sourceTree = "<group>"; };
		3DA936101CD3B6F600D0C9B4 /* TaskTableViewCell.swift */ = {isa = PBXFileReference; fileEncoding = 4; lastKnownFileType = sourcecode.swift; path = TaskTableViewCell.swift; sourceTree = "<group>"; };
		3DAD09521CC94509005F83A5 /* TopBar.swift */ = {isa = PBXFileReference; fileEncoding = 4; lastKnownFileType = sourcecode.swift; path = TopBar.swift; sourceTree = "<group>"; };
		3DAD09571CC9A565005F83A5 /* FirebaseConstants.swift */ = {isa = PBXFileReference; fileEncoding = 4; lastKnownFileType = sourcecode.swift; path = FirebaseConstants.swift; sourceTree = "<group>"; };
		3DAD095D1CC9AB47005F83A5 /* UserConstants.swift */ = {isa = PBXFileReference; fileEncoding = 4; lastKnownFileType = sourcecode.swift; path = UserConstants.swift; sourceTree = "<group>"; };
		3DAD095F1CC9BD73005F83A5 /* TeacherViewStudentViewController.swift */ = {isa = PBXFileReference; fileEncoding = 4; lastKnownFileType = sourcecode.swift; path = TeacherViewStudentViewController.swift; sourceTree = "<group>"; };
		3DAD09621CC9DD1C005F83A5 /* Misc_constants.swift */ = {isa = PBXFileReference; fileEncoding = 4; lastKnownFileType = sourcecode.swift; path = Misc_constants.swift; sourceTree = "<group>"; };
		3DAD09661CCA6A62005F83A5 /* TestViewController.swift */ = {isa = PBXFileReference; fileEncoding = 4; lastKnownFileType = sourcecode.swift; path = TestViewController.swift; sourceTree = "<group>"; };
		3DAD09681CCA6E48005F83A5 /* SideMenuViewController.swift */ = {isa = PBXFileReference; fileEncoding = 4; lastKnownFileType = sourcecode.swift; path = SideMenuViewController.swift; sourceTree = "<group>"; };
		3DAD096A1CCAA7AD005F83A5 /* StudentsViewController.swift */ = {isa = PBXFileReference; fileEncoding = 4; lastKnownFileType = sourcecode.swift; path = StudentsViewController.swift; sourceTree = "<group>"; };
		3DAD096C1CCB6EB7005F83A5 /* ChatViewController.swift */ = {isa = PBXFileReference; fileEncoding = 4; lastKnownFileType = sourcecode.swift; path = ChatViewController.swift; sourceTree = "<group>"; };
		3DAD096F1CCB6F0B005F83A5 /* MessageCell.swift */ = {isa = PBXFileReference; fileEncoding = 4; lastKnownFileType = sourcecode.swift; path = MessageCell.swift; sourceTree = "<group>"; };
		3DAD09711CCB6F31005F83A5 /* Message.swift */ = {isa = PBXFileReference; fileEncoding = 4; lastKnownFileType = sourcecode.swift; path = Message.swift; sourceTree = "<group>"; };
		3DAD09741CCB761A005F83A5 /* 448Piano-Bridging-Header.h */ = {isa = PBXFileReference; fileEncoding = 4; lastKnownFileType = sourcecode.c.h; path = "448Piano-Bridging-Header.h"; sourceTree = "<group>"; };
		3DDC72DA1CD3014900FFE333 /* AutoCompleteTextField */ = {isa = PBXFileReference; lastKnownFileType = folder; name = AutoCompleteTextField; path = ../AutoCompleteTextField; sourceTree = "<group>"; };
		3DDC72DC1CD301DE00FFE333 /* AutoCompleteTextField.swift */ = {isa = PBXFileReference; fileEncoding = 4; lastKnownFileType = sourcecode.swift; path = AutoCompleteTextField.swift; sourceTree = "<group>"; };
		3DDC72DE1CD3A63500FFE333 /* TeacherAllTasksViewController.swift */ = {isa = PBXFileReference; fileEncoding = 4; lastKnownFileType = sourcecode.swift; path = TeacherAllTasksViewController.swift; sourceTree = "<group>"; };
		3DFA37601CCD1D5900BA9EA7 /* ChatThreadViewController.swift */ = {isa = PBXFileReference; fileEncoding = 4; lastKnownFileType = sourcecode.swift; path = ChatThreadViewController.swift; sourceTree = "<group>"; };
		3DFA37621CCD29CB00BA9EA7 /* ChatThreadTableViewCell.swift */ = {isa = PBXFileReference; fileEncoding = 4; lastKnownFileType = sourcecode.swift; path = ChatThreadTableViewCell.swift; sourceTree = "<group>"; };
		3DFA37641CCD9A0300BA9EA7 /* Thread.swift */ = {isa = PBXFileReference; fileEncoding = 4; lastKnownFileType = sourcecode.swift; path = Thread.swift; sourceTree = "<group>"; };
		3FCE67F0D1DD4DBEAF023C88 /* Pods.framework */ = {isa = PBXFileReference; explicitFileType = wrapper.framework; includeInIndex = 0; path = Pods.framework; sourceTree = BUILT_PRODUCTS_DIR; };
		48F87A296A3A3352800E6103 /* Pods-448PianoTests.debug.xcconfig */ = {isa = PBXFileReference; includeInIndex = 1; lastKnownFileType = text.xcconfig; name = "Pods-448PianoTests.debug.xcconfig"; path = "Pods/Target Support Files/Pods-448PianoTests/Pods-448PianoTests.debug.xcconfig"; sourceTree = "<group>"; };
		67248FE20375FBFB42C5C849 /* Pods-448Piano.debug.xcconfig */ = {isa = PBXFileReference; includeInIndex = 1; lastKnownFileType = text.xcconfig; name = "Pods-448Piano.debug.xcconfig"; path = "Pods/Target Support Files/Pods-448Piano/Pods-448Piano.debug.xcconfig"; sourceTree = "<group>"; };
		87EAD64E099791FB732365BE /* Pods-448Piano.release.xcconfig */ = {isa = PBXFileReference; includeInIndex = 1; lastKnownFileType = text.xcconfig; name = "Pods-448Piano.release.xcconfig"; path = "Pods/Target Support Files/Pods-448Piano/Pods-448Piano.release.xcconfig"; sourceTree = "<group>"; };
		936887A674E4A752093372B3 /* Pods-448PianoTests.release.xcconfig */ = {isa = PBXFileReference; includeInIndex = 1; lastKnownFileType = text.xcconfig; name = "Pods-448PianoTests.release.xcconfig"; path = "Pods/Target Support Files/Pods-448PianoTests/Pods-448PianoTests.release.xcconfig"; sourceTree = "<group>"; };
		93DAE4F0CD6DDC3683D48749 /* Pods_448Piano.framework */ = {isa = PBXFileReference; explicitFileType = wrapper.framework; includeInIndex = 0; path = Pods_448Piano.framework; sourceTree = BUILT_PRODUCTS_DIR; };
		C7E7C5DB0450A896615D4460 /* Pods_448PianoTests.framework */ = {isa = PBXFileReference; explicitFileType = wrapper.framework; includeInIndex = 0; path = Pods_448PianoTests.framework; sourceTree = BUILT_PRODUCTS_DIR; };
		F9153D7686F1E7FBEDB70746 /* Pods-448PianoUITests.release.xcconfig */ = {isa = PBXFileReference; includeInIndex = 1; lastKnownFileType = text.xcconfig; name = "Pods-448PianoUITests.release.xcconfig"; path = "Pods/Target Support Files/Pods-448PianoUITests/Pods-448PianoUITests.release.xcconfig"; sourceTree = "<group>"; };
/* End PBXFileReference section */

/* Begin PBXFrameworksBuildPhase section */
		3D42B7E41C9A58E5006C8444 /* Frameworks */ = {
			isa = PBXFrameworksBuildPhase;
			buildActionMask = 2147483647;
			files = (
				9244236591F52E86D19CD4D9 /* Pods_448Piano.framework in Frameworks */,
				03FDB582621306505CC650DA /* Pods.framework in Frameworks */,
			);
			runOnlyForDeploymentPostprocessing = 0;
		};
		3D42B7FB1C9A58E6006C8444 /* Frameworks */ = {
			isa = PBXFrameworksBuildPhase;
			buildActionMask = 2147483647;
			files = (
				98ADF87838AE26665DADD6F2 /* Pods_448PianoTests.framework in Frameworks */,
			);
			runOnlyForDeploymentPostprocessing = 0;
		};
		3D42B8061C9A58E6006C8444 /* Frameworks */ = {
			isa = PBXFrameworksBuildPhase;
			buildActionMask = 2147483647;
			files = (
				904BA43041D4F5ADBF5AB2EC /* Pods_448PianoUITests.framework in Frameworks */,
			);
			runOnlyForDeploymentPostprocessing = 0;
		};
/* End PBXFrameworksBuildPhase section */

/* Begin PBXGroup section */
		3D42B7DE1C9A58E5006C8444 = {
			isa = PBXGroup;
			children = (
				3D42B7E91C9A58E5006C8444 /* 448Piano */,
				3D42B8011C9A58E6006C8444 /* 448PianoTests */,
				3D42B80C1C9A58E6006C8444 /* 448PianoUITests */,
				3D42B7E81C9A58E5006C8444 /* Products */,
				6AAE7859A81C025C92C8336B /* Pods */,
				CE25AC93B7BA366A92170D2E /* Frameworks */,
			);
			sourceTree = "<group>";
		};
		3D42B7E81C9A58E5006C8444 /* Products */ = {
			isa = PBXGroup;
			children = (
				3D42B7E71C9A58E5006C8444 /* 448Piano.app */,
				3D42B7FE1C9A58E6006C8444 /* 448PianoTests.xctest */,
				3D42B8091C9A58E6006C8444 /* 448PianoUITests.xctest */,
			);
			name = Products;
			sourceTree = "<group>";
		};
		3D42B7E91C9A58E5006C8444 /* 448Piano */ = {
			isa = PBXGroup;
			children = (
				3DDC72DA1CD3014900FFE333 /* AutoCompleteTextField */,
				3D42B7EA1C9A58E5006C8444 /* AppDelegate.swift */,
				3D9CB6671CD285A700A27DA1 /* Task Stuff */,
				3D9CB6641CD2816E00A27DA1 /* Container VC */,
				3DAD096A1CCAA7AD005F83A5 /* StudentsViewController.swift */,
				3D9CB6631CD192CF00A27DA1 /* Menu */,
				3D5EF01B1CAB31C300A03D4F /* LaunchViewController.swift */,
				3D5EF01D1CAB491900A03D4F /* Dashboard.swift */,
				3DAD09741CCB761A005F83A5 /* 448Piano-Bridging-Header.h */,
				3DAD09611CC9BD7F005F83A5 /* TeacherViews */,
				3D42B7EE1C9A58E5006C8444 /* Main.storyboard */,
				3DAD096E1CCB6EE6005F83A5 /* Chat */,
				3DAD09661CCA6A62005F83A5 /* TestViewController.swift */,
				3D5EF0151CAB306C00A03D4F /* Loading Screen */,
				3D42B7F41C9A58E5006C8444 /* Assets.xcassets */,
				3D42B7F61C9A58E5006C8444 /* LaunchScreen.storyboard */,
				3D5EF0181CAB314F00A03D4F /* Utilities */,
				3D42B7F91C9A58E5006C8444 /* Info.plist */,
				3D42B7F11C9A58E5006C8444 /* _48Piano.xcdatamodeld */,
			);
			path = 448Piano;
			sourceTree = "<group>";
		};
		3D42B8011C9A58E6006C8444 /* 448PianoTests */ = {
			isa = PBXGroup;
			children = (
				3D42B8021C9A58E6006C8444 /* _48PianoTests.swift */,
				3D42B8041C9A58E6006C8444 /* Info.plist */,
			);
			path = 448PianoTests;
			sourceTree = "<group>";
		};
		3D42B80C1C9A58E6006C8444 /* 448PianoUITests */ = {
			isa = PBXGroup;
			children = (
				3D42B80D1C9A58E6006C8444 /* _48PianoUITests.swift */,
				3D42B80F1C9A58E6006C8444 /* Info.plist */,
			);
			path = 448PianoUITests;
			sourceTree = "<group>";
		};
		3D5EF0151CAB306C00A03D4F /* Loading Screen */ = {
			isa = PBXGroup;
			children = (
				3D5EF0131CAB306000A03D4F /* HolderView.swift */,
				3D5EF0191CAB316D00A03D4F /* RectangleLayer.swift */,
				3D9CB6611CD08D8100A27DA1 /* LogInSignUpScreen.swift */,
			);
			name = "Loading Screen";
			sourceTree = "<group>";
		};
		3D5EF0181CAB314F00A03D4F /* Utilities */ = {
			isa = PBXGroup;
			children = (
				3D5EF0161CAB314400A03D4F /* Colors.swift */,
				3DAD09571CC9A565005F83A5 /* FirebaseConstants.swift */,
				3DAD095D1CC9AB47005F83A5 /* UserConstants.swift */,
				3DAD09621CC9DD1C005F83A5 /* Misc_constants.swift */,
				3D9CB65F1CCF3FFA00A27DA1 /* Segues.swift */,
			);
			name = Utilities;
			sourceTree = "<group>";
		};
		3D9CB6631CD192CF00A27DA1 /* Menu */ = {
			isa = PBXGroup;
			children = (
				3DAD09521CC94509005F83A5 /* TopBar.swift */,
				3DAD09681CCA6E48005F83A5 /* SideMenuViewController.swift */,
			);
			name = Menu;
			sourceTree = "<group>";
		};
		3D9CB6641CD2816E00A27DA1 /* Container VC */ = {
			isa = PBXGroup;
			children = (
				3D42B7EC1C9A58E5006C8444 /* ViewController.swift */,
			);
			name = "Container VC";
			sourceTree = "<group>";
		};
		3D9CB6671CD285A700A27DA1 /* Task Stuff */ = {
			isa = PBXGroup;
			children = (
				3DDC72DC1CD301DE00FFE333 /* AutoCompleteTextField.swift */,
				3D9CB6651CD2822000A27DA1 /* Task.swift */,
				3D9CB6681CD285C500A27DA1 /* TeacherTaskCreationViewController.swift */,
				3DDC72DE1CD3A63500FFE333 /* TeacherAllTasksViewController.swift */,
				3DA936101CD3B6F600D0C9B4 /* TaskTableViewCell.swift */,
			);
			name = "Task Stuff";
			sourceTree = "<group>";
		};
		3DAD09611CC9BD7F005F83A5 /* TeacherViews */ = {
			isa = PBXGroup;
			children = (
				3DAD095F1CC9BD73005F83A5 /* TeacherViewStudentViewController.swift */,
				3D69333A1CC82BDF007D8969 /* TeacherDashboardViewController.swift */,
			);
			name = TeacherViews;
			sourceTree = "<group>";
		};
		3DAD096E1CCB6EE6005F83A5 /* Chat */ = {
			isa = PBXGroup;
			children = (
				3DAD096C1CCB6EB7005F83A5 /* ChatViewController.swift */,
				3DFA37601CCD1D5900BA9EA7 /* ChatThreadViewController.swift */,
				3DFA37621CCD29CB00BA9EA7 /* ChatThreadTableViewCell.swift */,
				3DAD096F1CCB6F0B005F83A5 /* MessageCell.swift */,
				3DAD09711CCB6F31005F83A5 /* Message.swift */,
				3DFA37641CCD9A0300BA9EA7 /* Thread.swift */,
			);
			name = Chat;
			sourceTree = "<group>";
		};
		6AAE7859A81C025C92C8336B /* Pods */ = {
			isa = PBXGroup;
			children = (
				67248FE20375FBFB42C5C849 /* Pods-448Piano.debug.xcconfig */,
				87EAD64E099791FB732365BE /* Pods-448Piano.release.xcconfig */,
				48F87A296A3A3352800E6103 /* Pods-448PianoTests.debug.xcconfig */,
				936887A674E4A752093372B3 /* Pods-448PianoTests.release.xcconfig */,
				1F4925C1EEE13CD343A66D31 /* Pods-448PianoUITests.debug.xcconfig */,
				F9153D7686F1E7FBEDB70746 /* Pods-448PianoUITests.release.xcconfig */,
			);
			name = Pods;
			sourceTree = "<group>";
		};
		CE25AC93B7BA366A92170D2E /* Frameworks */ = {
			isa = PBXGroup;
			children = (
				93DAE4F0CD6DDC3683D48749 /* Pods_448Piano.framework */,
				C7E7C5DB0450A896615D4460 /* Pods_448PianoTests.framework */,
				1B5FF334F806C4BEC6EDF693 /* Pods_448PianoUITests.framework */,
				3FCE67F0D1DD4DBEAF023C88 /* Pods.framework */,
			);
			name = Frameworks;
			sourceTree = "<group>";
		};
/* End PBXGroup section */

/* Begin PBXNativeTarget section */
		3D42B7E61C9A58E5006C8444 /* 448Piano */ = {
			isa = PBXNativeTarget;
			buildConfigurationList = 3D42B8121C9A58E6006C8444 /* Build configuration list for PBXNativeTarget "448Piano" */;
			buildPhases = (
				301019C6F29A0956B8534EE1 /* Check Pods Manifest.lock */,
				536D44E2735003F680EEE922 /* 📦 Check Pods Manifest.lock */,
				3D42B7E31C9A58E5006C8444 /* Sources */,
				3D42B7E41C9A58E5006C8444 /* Frameworks */,
				3D42B7E51C9A58E5006C8444 /* Resources */,
				98285E5D0C18DA049DA0915B /* 📦 Embed Pods Frameworks */,
				E71C80706D007F6667C4BD8A /* 📦 Copy Pods Resources */,
				8BEE2405596EBAF73048884D /* Embed Pods Frameworks */,
				6CD2ECCA0CEBDFB4D91B955A /* Copy Pods Resources */,
			);
			buildRules = (
			);
			dependencies = (
			);
			name = 448Piano;
			productName = 448Piano;
			productReference = 3D42B7E71C9A58E5006C8444 /* 448Piano.app */;
			productType = "com.apple.product-type.application";
		};
		3D42B7FD1C9A58E6006C8444 /* 448PianoTests */ = {
			isa = PBXNativeTarget;
			buildConfigurationList = 3D42B8151C9A58E6006C8444 /* Build configuration list for PBXNativeTarget "448PianoTests" */;
			buildPhases = (
				9AE8067FA8843677F878DE01 /* 📦 Check Pods Manifest.lock */,
				3D42B7FA1C9A58E6006C8444 /* Sources */,
				3D42B7FB1C9A58E6006C8444 /* Frameworks */,
				3D42B7FC1C9A58E6006C8444 /* Resources */,
				0EDBC94AFD096532CD92841C /* 📦 Embed Pods Frameworks */,
				14213958218690B94BF17F43 /* 📦 Copy Pods Resources */,
			);
			buildRules = (
			);
			dependencies = (
				3D42B8001C9A58E6006C8444 /* PBXTargetDependency */,
			);
			name = 448PianoTests;
			productName = 448PianoTests;
			productReference = 3D42B7FE1C9A58E6006C8444 /* 448PianoTests.xctest */;
			productType = "com.apple.product-type.bundle.unit-test";
		};
		3D42B8081C9A58E6006C8444 /* 448PianoUITests */ = {
			isa = PBXNativeTarget;
			buildConfigurationList = 3D42B8181C9A58E6006C8444 /* Build configuration list for PBXNativeTarget "448PianoUITests" */;
			buildPhases = (
				115CFFA4F0F27357DCD75D8D /* 📦 Check Pods Manifest.lock */,
				3D42B8051C9A58E6006C8444 /* Sources */,
				3D42B8061C9A58E6006C8444 /* Frameworks */,
				3D42B8071C9A58E6006C8444 /* Resources */,
				3CB6DB1A40167E9379AED665 /* 📦 Copy Pods Resources */,
			);
			buildRules = (
			);
			dependencies = (
				3D42B80B1C9A58E6006C8444 /* PBXTargetDependency */,
			);
			name = 448PianoUITests;
			productName = 448PianoUITests;
			productReference = 3D42B8091C9A58E6006C8444 /* 448PianoUITests.xctest */;
			productType = "com.apple.product-type.bundle.ui-testing";
		};
/* End PBXNativeTarget section */

/* Begin PBXProject section */
		3D42B7DF1C9A58E5006C8444 /* Project object */ = {
			isa = PBXProject;
			attributes = {
				LastSwiftUpdateCheck = 0720;
				LastUpgradeCheck = 0720;
				ORGANIZATIONNAME = William;
				TargetAttributes = {
					3D42B7E61C9A58E5006C8444 = {
						CreatedOnToolsVersion = 7.2.1;
						DevelopmentTeam = 4Z7P2YNH2G;
					};
					3D42B7FD1C9A58E6006C8444 = {
						CreatedOnToolsVersion = 7.2.1;
						DevelopmentTeam = 4Z7P2YNH2G;
						TestTargetID = 3D42B7E61C9A58E5006C8444;
					};
					3D42B8081C9A58E6006C8444 = {
						CreatedOnToolsVersion = 7.2.1;
						DevelopmentTeam = 4Z7P2YNH2G;
						TestTargetID = 3D42B7E61C9A58E5006C8444;
					};
				};
			};
			buildConfigurationList = 3D42B7E21C9A58E5006C8444 /* Build configuration list for PBXProject "448Piano" */;
			compatibilityVersion = "Xcode 3.2";
			developmentRegion = English;
			hasScannedForEncodings = 0;
			knownRegions = (
				en,
				Base,
			);
			mainGroup = 3D42B7DE1C9A58E5006C8444;
			productRefGroup = 3D42B7E81C9A58E5006C8444 /* Products */;
			projectDirPath = "";
			projectRoot = "";
			targets = (
				3D42B7E61C9A58E5006C8444 /* 448Piano */,
				3D42B7FD1C9A58E6006C8444 /* 448PianoTests */,
				3D42B8081C9A58E6006C8444 /* 448PianoUITests */,
			);
		};
/* End PBXProject section */

/* Begin PBXResourcesBuildPhase section */
		3D42B7E51C9A58E5006C8444 /* Resources */ = {
			isa = PBXResourcesBuildPhase;
			buildActionMask = 2147483647;
			files = (
				3DDC72DB1CD3014900FFE333 /* AutoCompleteTextField in Resources */,
				3D42B7F81C9A58E5006C8444 /* LaunchScreen.storyboard in Resources */,
				3D42B7F51C9A58E5006C8444 /* Assets.xcassets in Resources */,
				3D42B7F01C9A58E5006C8444 /* Main.storyboard in Resources */,
			);
			runOnlyForDeploymentPostprocessing = 0;
		};
		3D42B7FC1C9A58E6006C8444 /* Resources */ = {
			isa = PBXResourcesBuildPhase;
			buildActionMask = 2147483647;
			files = (
			);
			runOnlyForDeploymentPostprocessing = 0;
		};
		3D42B8071C9A58E6006C8444 /* Resources */ = {
			isa = PBXResourcesBuildPhase;
			buildActionMask = 2147483647;
			files = (
			);
			runOnlyForDeploymentPostprocessing = 0;
		};
/* End PBXResourcesBuildPhase section */

/* Begin PBXShellScriptBuildPhase section */
		0EDBC94AFD096532CD92841C /* 📦 Embed Pods Frameworks */ = {
			isa = PBXShellScriptBuildPhase;
			buildActionMask = 2147483647;
			files = (
			);
			inputPaths = (
			);
			name = "📦 Embed Pods Frameworks";
			outputPaths = (
			);
			runOnlyForDeploymentPostprocessing = 0;
			shellPath = /bin/sh;
			shellScript = "\"${SRCROOT}/Pods/Target Support Files/Pods-448PianoTests/Pods-448PianoTests-frameworks.sh\"\n";
			showEnvVarsInLog = 0;
		};
		115CFFA4F0F27357DCD75D8D /* 📦 Check Pods Manifest.lock */ = {
			isa = PBXShellScriptBuildPhase;
			buildActionMask = 2147483647;
			files = (
			);
			inputPaths = (
			);
			name = "📦 Check Pods Manifest.lock";
			outputPaths = (
			);
			runOnlyForDeploymentPostprocessing = 0;
			shellPath = /bin/sh;
			shellScript = "diff \"${PODS_ROOT}/../Podfile.lock\" \"${PODS_ROOT}/Manifest.lock\" > /dev/null\nif [[ $? != 0 ]] ; then\n    cat << EOM\nerror: The sandbox is not in sync with the Podfile.lock. Run 'pod install' or update your CocoaPods installation.\nEOM\n    exit 1\nfi\n";
			showEnvVarsInLog = 0;
		};
		14213958218690B94BF17F43 /* 📦 Copy Pods Resources */ = {
			isa = PBXShellScriptBuildPhase;
			buildActionMask = 2147483647;
			files = (
			);
			inputPaths = (
			);
			name = "📦 Copy Pods Resources";
			outputPaths = (
			);
			runOnlyForDeploymentPostprocessing = 0;
			shellPath = /bin/sh;
			shellScript = "\"${SRCROOT}/Pods/Target Support Files/Pods-448PianoTests/Pods-448PianoTests-resources.sh\"\n";
			showEnvVarsInLog = 0;
		};
		301019C6F29A0956B8534EE1 /* Check Pods Manifest.lock */ = {
			isa = PBXShellScriptBuildPhase;
			buildActionMask = 2147483647;
			files = (
			);
			inputPaths = (
			);
			name = "Check Pods Manifest.lock";
			outputPaths = (
			);
			runOnlyForDeploymentPostprocessing = 0;
			shellPath = /bin/sh;
			shellScript = "diff \"${PODS_ROOT}/../Podfile.lock\" \"${PODS_ROOT}/Manifest.lock\" > /dev/null\nif [[ $? != 0 ]] ; then\n    cat << EOM\nerror: The sandbox is not in sync with the Podfile.lock. Run 'pod install' or update your CocoaPods installation.\nEOM\n    exit 1\nfi\n";
			showEnvVarsInLog = 0;
		};
		3CB6DB1A40167E9379AED665 /* 📦 Copy Pods Resources */ = {
			isa = PBXShellScriptBuildPhase;
			buildActionMask = 2147483647;
			files = (
			);
			inputPaths = (
			);
			name = "📦 Copy Pods Resources";
			outputPaths = (
			);
			runOnlyForDeploymentPostprocessing = 0;
			shellPath = /bin/sh;
			shellScript = "\"${SRCROOT}/Pods/Target Support Files/Pods-448PianoUITests/Pods-448PianoUITests-resources.sh\"\n";
			showEnvVarsInLog = 0;
		};
		536D44E2735003F680EEE922 /* 📦 Check Pods Manifest.lock */ = {
			isa = PBXShellScriptBuildPhase;
			buildActionMask = 2147483647;
			files = (
			);
			inputPaths = (
			);
			name = "📦 Check Pods Manifest.lock";
			outputPaths = (
			);
			runOnlyForDeploymentPostprocessing = 0;
			shellPath = /bin/sh;
			shellScript = "diff \"${PODS_ROOT}/../Podfile.lock\" \"${PODS_ROOT}/Manifest.lock\" > /dev/null\nif [[ $? != 0 ]] ; then\n    cat << EOM\nerror: The sandbox is not in sync with the Podfile.lock. Run 'pod install' or update your CocoaPods installation.\nEOM\n    exit 1\nfi\n";
			showEnvVarsInLog = 0;
		};
		6CD2ECCA0CEBDFB4D91B955A /* Copy Pods Resources */ = {
			isa = PBXShellScriptBuildPhase;
			buildActionMask = 2147483647;
			files = (
			);
			inputPaths = (
			);
			name = "Copy Pods Resources";
			outputPaths = (
			);
			runOnlyForDeploymentPostprocessing = 0;
			shellPath = /bin/sh;
			shellScript = "\"${SRCROOT}/Pods/Target Support Files/Pods/Pods-resources.sh\"\n";
			showEnvVarsInLog = 0;
		};
		8BEE2405596EBAF73048884D /* Embed Pods Frameworks */ = {
			isa = PBXShellScriptBuildPhase;
			buildActionMask = 2147483647;
			files = (
			);
			inputPaths = (
			);
			name = "Embed Pods Frameworks";
			outputPaths = (
			);
			runOnlyForDeploymentPostprocessing = 0;
			shellPath = /bin/sh;
			shellScript = "\"${SRCROOT}/Pods/Target Support Files/Pods/Pods-frameworks.sh\"\n";
			showEnvVarsInLog = 0;
		};
		98285E5D0C18DA049DA0915B /* 📦 Embed Pods Frameworks */ = {
			isa = PBXShellScriptBuildPhase;
			buildActionMask = 2147483647;
			files = (
			);
			inputPaths = (
			);
			name = "📦 Embed Pods Frameworks";
			outputPaths = (
			);
			runOnlyForDeploymentPostprocessing = 0;
			shellPath = /bin/sh;
			shellScript = "\"${SRCROOT}/Pods/Target Support Files/Pods-448Piano/Pods-448Piano-frameworks.sh\"\n";
			showEnvVarsInLog = 0;
		};
		9AE8067FA8843677F878DE01 /* 📦 Check Pods Manifest.lock */ = {
			isa = PBXShellScriptBuildPhase;
			buildActionMask = 2147483647;
			files = (
			);
			inputPaths = (
			);
			name = "📦 Check Pods Manifest.lock";
			outputPaths = (
			);
			runOnlyForDeploymentPostprocessing = 0;
			shellPath = /bin/sh;
			shellScript = "diff \"${PODS_ROOT}/../Podfile.lock\" \"${PODS_ROOT}/Manifest.lock\" > /dev/null\nif [[ $? != 0 ]] ; then\n    cat << EOM\nerror: The sandbox is not in sync with the Podfile.lock. Run 'pod install' or update your CocoaPods installation.\nEOM\n    exit 1\nfi\n";
			showEnvVarsInLog = 0;
		};
		E71C80706D007F6667C4BD8A /* 📦 Copy Pods Resources */ = {
			isa = PBXShellScriptBuildPhase;
			buildActionMask = 2147483647;
			files = (
			);
			inputPaths = (
			);
			name = "📦 Copy Pods Resources";
			outputPaths = (
			);
			runOnlyForDeploymentPostprocessing = 0;
			shellPath = /bin/sh;
			shellScript = "\"${SRCROOT}/Pods/Target Support Files/Pods-448Piano/Pods-448Piano-resources.sh\"\n";
			showEnvVarsInLog = 0;
		};
/* End PBXShellScriptBuildPhase section */

/* Begin PBXSourcesBuildPhase section */
		3D42B7E31C9A58E5006C8444 /* Sources */ = {
			isa = PBXSourcesBuildPhase;
			buildActionMask = 2147483647;
			files = (
				3D5EF0141CAB306000A03D4F /* HolderView.swift in Sources */,
				3DFA37631CCD29CB00BA9EA7 /* ChatThreadTableViewCell.swift in Sources */,
				3DA936111CD3B6F600D0C9B4 /* TaskTableViewCell.swift in Sources */,
				3D5EF0171CAB314400A03D4F /* Colors.swift in Sources */,
				3DAD09671CCA6A62005F83A5 /* TestViewController.swift in Sources */,
				3D5EF01E1CAB491900A03D4F /* Dashboard.swift in Sources */,
				3D42B7F31C9A58E5006C8444 /* _48Piano.xcdatamodeld in Sources */,
				3D9CB6691CD285C500A27DA1 /* TeacherTaskCreationViewController.swift in Sources */,
				3DAD09601CC9BD73005F83A5 /* TeacherViewStudentViewController.swift in Sources */,
				3D42B7ED1C9A58E5006C8444 /* ViewController.swift in Sources */,
				3DDC72DD1CD301DE00FFE333 /* AutoCompleteTextField.swift in Sources */,
				3D9CB6661CD2822000A27DA1 /* Task.swift in Sources */,
				3D42B7EB1C9A58E5006C8444 /* AppDelegate.swift in Sources */,
				3DDC72DF1CD3A63500FFE333 /* TeacherAllTasksViewController.swift in Sources */,
				3D9CB6621CD08D8100A27DA1 /* LogInSignUpScreen.swift in Sources */,
				3DAD095E1CC9AB47005F83A5 /* UserConstants.swift in Sources */,
				3DAD096B1CCAA7AD005F83A5 /* StudentsViewController.swift in Sources */,
				3DAD09701CCB6F0B005F83A5 /* MessageCell.swift in Sources */,
				3D5EF01C1CAB31C300A03D4F /* LaunchViewController.swift in Sources */,
				3DFA37611CCD1D5900BA9EA7 /* ChatThreadViewController.swift in Sources */,
				3DAD09691CCA6E48005F83A5 /* SideMenuViewController.swift in Sources */,
				3DAD09631CC9DD1C005F83A5 /* Misc_constants.swift in Sources */,
				3DAD09531CC94509005F83A5 /* TopBar.swift in Sources */,
				3D69333B1CC82BDF007D8969 /* TeacherDashboardViewController.swift in Sources */,
				3DAD09581CC9A565005F83A5 /* FirebaseConstants.swift in Sources */,
				3D9CB6601CCF3FFA00A27DA1 /* Segues.swift in Sources */,
				3DAD09721CCB6F31005F83A5 /* Message.swift in Sources */,
				3DFA37651CCD9A0300BA9EA7 /* Thread.swift in Sources */,
				3DAD096D1CCB6EB7005F83A5 /* ChatViewController.swift in Sources */,
				3D5EF01A1CAB316D00A03D4F /* RectangleLayer.swift in Sources */,
			);
			runOnlyForDeploymentPostprocessing = 0;
		};
		3D42B7FA1C9A58E6006C8444 /* Sources */ = {
			isa = PBXSourcesBuildPhase;
			buildActionMask = 2147483647;
			files = (
				3D42B8031C9A58E6006C8444 /* _48PianoTests.swift in Sources */,
			);
			runOnlyForDeploymentPostprocessing = 0;
		};
		3D42B8051C9A58E6006C8444 /* Sources */ = {
			isa = PBXSourcesBuildPhase;
			buildActionMask = 2147483647;
			files = (
				3D42B80E1C9A58E6006C8444 /* _48PianoUITests.swift in Sources */,
			);
			runOnlyForDeploymentPostprocessing = 0;
		};
/* End PBXSourcesBuildPhase section */

/* Begin PBXTargetDependency section */
		3D42B8001C9A58E6006C8444 /* PBXTargetDependency */ = {
			isa = PBXTargetDependency;
			target = 3D42B7E61C9A58E5006C8444 /* 448Piano */;
			targetProxy = 3D42B7FF1C9A58E6006C8444 /* PBXContainerItemProxy */;
		};
		3D42B80B1C9A58E6006C8444 /* PBXTargetDependency */ = {
			isa = PBXTargetDependency;
			target = 3D42B7E61C9A58E5006C8444 /* 448Piano */;
			targetProxy = 3D42B80A1C9A58E6006C8444 /* PBXContainerItemProxy */;
		};
/* End PBXTargetDependency section */

/* Begin PBXVariantGroup section */
		3D42B7EE1C9A58E5006C8444 /* Main.storyboard */ = {
			isa = PBXVariantGroup;
			children = (
				3D42B7EF1C9A58E5006C8444 /* Base */,
			);
			name = Main.storyboard;
			sourceTree = "<group>";
		};
		3D42B7F61C9A58E5006C8444 /* LaunchScreen.storyboard */ = {
			isa = PBXVariantGroup;
			children = (
				3D42B7F71C9A58E5006C8444 /* Base */,
			);
			name = LaunchScreen.storyboard;
			sourceTree = "<group>";
		};
/* End PBXVariantGroup section */

/* Begin XCBuildConfiguration section */
		3D42B8101C9A58E6006C8444 /* Debug */ = {
			isa = XCBuildConfiguration;
			buildSettings = {
				ALWAYS_SEARCH_USER_PATHS = NO;
				CLANG_CXX_LANGUAGE_STANDARD = "gnu++0x";
				CLANG_CXX_LIBRARY = "libc++";
				CLANG_ENABLE_MODULES = YES;
				CLANG_ENABLE_OBJC_ARC = YES;
				CLANG_WARN_BOOL_CONVERSION = YES;
				CLANG_WARN_CONSTANT_CONVERSION = YES;
				CLANG_WARN_DIRECT_OBJC_ISA_USAGE = YES_ERROR;
				CLANG_WARN_EMPTY_BODY = YES;
				CLANG_WARN_ENUM_CONVERSION = YES;
				CLANG_WARN_INT_CONVERSION = YES;
				CLANG_WARN_OBJC_ROOT_CLASS = YES_ERROR;
				CLANG_WARN_UNREACHABLE_CODE = YES;
				CLANG_WARN__DUPLICATE_METHOD_MATCH = YES;
				"CODE_SIGN_IDENTITY[sdk=iphoneos*]" = "iPhone Developer";
				COPY_PHASE_STRIP = NO;
				DEBUG_INFORMATION_FORMAT = dwarf;
				ENABLE_STRICT_OBJC_MSGSEND = YES;
				ENABLE_TESTABILITY = YES;
				GCC_C_LANGUAGE_STANDARD = gnu99;
				GCC_DYNAMIC_NO_PIC = NO;
				GCC_NO_COMMON_BLOCKS = YES;
				GCC_OPTIMIZATION_LEVEL = 0;
				GCC_PREPROCESSOR_DEFINITIONS = (
					"DEBUG=1",
					"$(inherited)",
				);
				GCC_WARN_64_TO_32_BIT_CONVERSION = YES;
				GCC_WARN_ABOUT_RETURN_TYPE = YES_ERROR;
				GCC_WARN_UNDECLARED_SELECTOR = YES;
				GCC_WARN_UNINITIALIZED_AUTOS = YES_AGGRESSIVE;
				GCC_WARN_UNUSED_FUNCTION = YES;
				GCC_WARN_UNUSED_VARIABLE = YES;
				IPHONEOS_DEPLOYMENT_TARGET = 9.2;
				MTL_ENABLE_DEBUG_INFO = YES;
				ONLY_ACTIVE_ARCH = YES;
				SDKROOT = iphoneos;
				SWIFT_OPTIMIZATION_LEVEL = "-Onone";
				TARGETED_DEVICE_FAMILY = "1,2";
			};
			name = Debug;
		};
		3D42B8111C9A58E6006C8444 /* Release */ = {
			isa = XCBuildConfiguration;
			buildSettings = {
				ALWAYS_SEARCH_USER_PATHS = NO;
				CLANG_CXX_LANGUAGE_STANDARD = "gnu++0x";
				CLANG_CXX_LIBRARY = "libc++";
				CLANG_ENABLE_MODULES = YES;
				CLANG_ENABLE_OBJC_ARC = YES;
				CLANG_WARN_BOOL_CONVERSION = YES;
				CLANG_WARN_CONSTANT_CONVERSION = YES;
				CLANG_WARN_DIRECT_OBJC_ISA_USAGE = YES_ERROR;
				CLANG_WARN_EMPTY_BODY = YES;
				CLANG_WARN_ENUM_CONVERSION = YES;
				CLANG_WARN_INT_CONVERSION = YES;
				CLANG_WARN_OBJC_ROOT_CLASS = YES_ERROR;
				CLANG_WARN_UNREACHABLE_CODE = YES;
				CLANG_WARN__DUPLICATE_METHOD_MATCH = YES;
				"CODE_SIGN_IDENTITY[sdk=iphoneos*]" = "iPhone Developer";
				COPY_PHASE_STRIP = NO;
				DEBUG_INFORMATION_FORMAT = "dwarf-with-dsym";
				ENABLE_NS_ASSERTIONS = NO;
				ENABLE_STRICT_OBJC_MSGSEND = YES;
				GCC_C_LANGUAGE_STANDARD = gnu99;
				GCC_NO_COMMON_BLOCKS = YES;
				GCC_WARN_64_TO_32_BIT_CONVERSION = YES;
				GCC_WARN_ABOUT_RETURN_TYPE = YES_ERROR;
				GCC_WARN_UNDECLARED_SELECTOR = YES;
				GCC_WARN_UNINITIALIZED_AUTOS = YES_AGGRESSIVE;
				GCC_WARN_UNUSED_FUNCTION = YES;
				GCC_WARN_UNUSED_VARIABLE = YES;
				IPHONEOS_DEPLOYMENT_TARGET = 9.2;
				MTL_ENABLE_DEBUG_INFO = NO;
				SDKROOT = iphoneos;
				TARGETED_DEVICE_FAMILY = "1,2";
				VALIDATE_PRODUCT = YES;
			};
			name = Release;
		};
		3D42B8131C9A58E6006C8444 /* Debug */ = {
			isa = XCBuildConfiguration;
			baseConfigurationReference = 67248FE20375FBFB42C5C849 /* Pods-448Piano.debug.xcconfig */;
			buildSettings = {
				ASSETCATALOG_COMPILER_APPICON_NAME = AppIcon;
				INFOPLIST_FILE = 448Piano/Info.plist;
				LD_RUNPATH_SEARCH_PATHS = "$(inherited) @executable_path/Frameworks";
				PRODUCT_BUNDLE_IDENTIFIER = "William.-48Piano";
				PRODUCT_NAME = "$(TARGET_NAME)";
				SWIFT_INSTALL_OBJC_HEADER = NO;
				SWIFT_OBJC_BRIDGING_HEADER = "/Users/William/Documents/Projects/Cos448Piano/448Piano/448Piano/448Piano-Bridging-Header.h";
			};
			name = Debug;
		};
		3D42B8141C9A58E6006C8444 /* Release */ = {
			isa = XCBuildConfiguration;
			baseConfigurationReference = 87EAD64E099791FB732365BE /* Pods-448Piano.release.xcconfig */;
			buildSettings = {
				ASSETCATALOG_COMPILER_APPICON_NAME = AppIcon;
				INFOPLIST_FILE = 448Piano/Info.plist;
				LD_RUNPATH_SEARCH_PATHS = "$(inherited) @executable_path/Frameworks";
				PRODUCT_BUNDLE_IDENTIFIER = "William.-48Piano";
				PRODUCT_NAME = "$(TARGET_NAME)";
				SWIFT_INSTALL_OBJC_HEADER = NO;
				SWIFT_OBJC_BRIDGING_HEADER = "/Users/William/Documents/Projects/Cos448Piano/448Piano/448Piano/448Piano-Bridging-Header.h";
			};
			name = Release;
		};
		3D42B8161C9A58E6006C8444 /* Debug */ = {
			isa = XCBuildConfiguration;
			baseConfigurationReference = 48F87A296A3A3352800E6103 /* Pods-448PianoTests.debug.xcconfig */;
			buildSettings = {
				BUNDLE_LOADER = "$(TEST_HOST)";
				INFOPLIST_FILE = 448PianoTests/Info.plist;
				LD_RUNPATH_SEARCH_PATHS = "$(inherited) @executable_path/Frameworks @loader_path/Frameworks";
				PRODUCT_BUNDLE_IDENTIFIER = "William.-48PianoTests";
				PRODUCT_NAME = "$(TARGET_NAME)";
				TEST_HOST = "$(BUILT_PRODUCTS_DIR)/448Piano.app/448Piano";
			};
			name = Debug;
		};
		3D42B8171C9A58E6006C8444 /* Release */ = {
			isa = XCBuildConfiguration;
			baseConfigurationReference = 936887A674E4A752093372B3 /* Pods-448PianoTests.release.xcconfig */;
			buildSettings = {
				BUNDLE_LOADER = "$(TEST_HOST)";
				INFOPLIST_FILE = 448PianoTests/Info.plist;
				LD_RUNPATH_SEARCH_PATHS = "$(inherited) @executable_path/Frameworks @loader_path/Frameworks";
				PRODUCT_BUNDLE_IDENTIFIER = "William.-48PianoTests";
				PRODUCT_NAME = "$(TARGET_NAME)";
				TEST_HOST = "$(BUILT_PRODUCTS_DIR)/448Piano.app/448Piano";
			};
			name = Release;
		};
		3D42B8191C9A58E6006C8444 /* Debug */ = {
			isa = XCBuildConfiguration;
			baseConfigurationReference = 1F4925C1EEE13CD343A66D31 /* Pods-448PianoUITests.debug.xcconfig */;
			buildSettings = {
				INFOPLIST_FILE = 448PianoUITests/Info.plist;
				LD_RUNPATH_SEARCH_PATHS = "$(inherited) @executable_path/Frameworks @loader_path/Frameworks";
				PRODUCT_BUNDLE_IDENTIFIER = "William.-48PianoUITests";
				PRODUCT_NAME = "$(TARGET_NAME)";
				TEST_TARGET_NAME = 448Piano;
				USES_XCTRUNNER = YES;
			};
			name = Debug;
		};
		3D42B81A1C9A58E6006C8444 /* Release */ = {
			isa = XCBuildConfiguration;
			baseConfigurationReference = F9153D7686F1E7FBEDB70746 /* Pods-448PianoUITests.release.xcconfig */;
			buildSettings = {
				INFOPLIST_FILE = 448PianoUITests/Info.plist;
				LD_RUNPATH_SEARCH_PATHS = "$(inherited) @executable_path/Frameworks @loader_path/Frameworks";
				PRODUCT_BUNDLE_IDENTIFIER = "William.-48PianoUITests";
				PRODUCT_NAME = "$(TARGET_NAME)";
				TEST_TARGET_NAME = 448Piano;
				USES_XCTRUNNER = YES;
			};
			name = Release;
		};
/* End XCBuildConfiguration section */

/* Begin XCConfigurationList section */
		3D42B7E21C9A58E5006C8444 /* Build configuration list for PBXProject "448Piano" */ = {
			isa = XCConfigurationList;
			buildConfigurations = (
				3D42B8101C9A58E6006C8444 /* Debug */,
				3D42B8111C9A58E6006C8444 /* Release */,
			);
			defaultConfigurationIsVisible = 0;
			defaultConfigurationName = Release;
		};
		3D42B8121C9A58E6006C8444 /* Build configuration list for PBXNativeTarget "448Piano" */ = {
			isa = XCConfigurationList;
			buildConfigurations = (
				3D42B8131C9A58E6006C8444 /* Debug */,
				3D42B8141C9A58E6006C8444 /* Release */,
			);
			defaultConfigurationIsVisible = 0;
			defaultConfigurationName = Release;
		};
		3D42B8151C9A58E6006C8444 /* Build configuration list for PBXNativeTarget "448PianoTests" */ = {
			isa = XCConfigurationList;
			buildConfigurations = (
				3D42B8161C9A58E6006C8444 /* Debug */,
				3D42B8171C9A58E6006C8444 /* Release */,
			);
			defaultConfigurationIsVisible = 0;
			defaultConfigurationName = Release;
		};
		3D42B8181C9A58E6006C8444 /* Build configuration list for PBXNativeTarget "448PianoUITests" */ = {
			isa = XCConfigurationList;
			buildConfigurations = (
				3D42B8191C9A58E6006C8444 /* Debug */,
				3D42B81A1C9A58E6006C8444 /* Release */,
			);
			defaultConfigurationIsVisible = 0;
			defaultConfigurationName = Release;
		};
/* End XCConfigurationList section */

/* Begin XCVersionGroup section */
		3D42B7F11C9A58E5006C8444 /* _48Piano.xcdatamodeld */ = {
			isa = XCVersionGroup;
			children = (
				3D42B7F21C9A58E5006C8444 /* _48Piano.xcdatamodel */,
			);
			currentVersion = 3D42B7F21C9A58E5006C8444 /* _48Piano.xcdatamodel */;
			path = _48Piano.xcdatamodeld;
			sourceTree = "<group>";
			versionGroupType = wrapper.xcdatamodel;
		};
/* End XCVersionGroup section */
	};
	rootObject = 3D42B7DF1C9A58E5006C8444 /* Project object */;
}
